// !$*UTF8*$!
{
	archiveVersion = 1;
	classes = {
	};
	objectVersion = 52;
	objects = {

/* Begin PBXBuildFile section */
		086258D328345A19004459E7 /* Marquee.swift in Sources */ = {isa = PBXBuildFile; fileRef = 086258D228345A19004459E7 /* Marquee.swift */; };
		086258D528345A8C004459E7 /* MeasureSize.swift in Sources */ = {isa = PBXBuildFile; fileRef = 086258D428345A8C004459E7 /* MeasureSize.swift */; };
		086258D728345AC4004459E7 /* AnimationObserverModifier.swift in Sources */ = {isa = PBXBuildFile; fileRef = 086258D628345AC4004459E7 /* AnimationObserverModifier.swift */; };
		087B66A02662E405000CA78E /* SwiftUI101App.swift in Sources */ = {isa = PBXBuildFile; fileRef = 087B669F2662E405000CA78E /* SwiftUI101App.swift */; };
		087B66A22662E405000CA78E /* ContentViewCoreData.swift in Sources */ = {isa = PBXBuildFile; fileRef = 087B66A12662E405000CA78E /* ContentViewCoreData.swift */; };
		087B66A42662E406000CA78E /* Assets.xcassets in Resources */ = {isa = PBXBuildFile; fileRef = 087B66A32662E406000CA78E /* Assets.xcassets */; };
		087B66A72662E406000CA78E /* Preview Assets.xcassets in Resources */ = {isa = PBXBuildFile; fileRef = 087B66A62662E406000CA78E /* Preview Assets.xcassets */; };
		087B66A92662E406000CA78E /* Persistence.swift in Sources */ = {isa = PBXBuildFile; fileRef = 087B66A82662E406000CA78E /* Persistence.swift */; };
		087B66AC2662E406000CA78E /* SwiftUI101.xcdatamodeld in Sources */ = {isa = PBXBuildFile; fileRef = 087B66AA2662E406000CA78E /* SwiftUI101.xcdatamodeld */; };
		087B66B52662E55E000CA78E /* MainView.swift in Sources */ = {isa = PBXBuildFile; fileRef = 087B66B42662E55E000CA78E /* MainView.swift */; };
		08E428C6266853E2002F1764 /* RickAndMortyAPI in Frameworks */ = {isa = PBXBuildFile; productRef = 08E428C5266853E2002F1764 /* RickAndMortyAPI */; };
		08E428C826685455002F1764 /* MainViewModel.swift in Sources */ = {isa = PBXBuildFile; fileRef = 08E428C726685455002F1764 /* MainViewModel.swift */; };
		08E428CA2668569B002F1764 /* CharacterMemory.swift in Sources */ = {isa = PBXBuildFile; fileRef = 08E428C92668569B002F1764 /* CharacterMemory.swift */; };
		08E428CC266858F2002F1764 /* CharacterDummy.swift in Sources */ = {isa = PBXBuildFile; fileRef = 08E428CB266858F2002F1764 /* CharacterDummy.swift */; };
		08E428CE26685E67002F1764 /* Character.json in Resources */ = {isa = PBXBuildFile; fileRef = 08E428CD26685E67002F1764 /* Character.json */; };
		08E428D0266863A1002F1764 /* MyCustomShape.swift in Sources */ = {isa = PBXBuildFile; fileRef = 08E428CF266863A1002F1764 /* MyCustomShape.swift */; };
		08E428D426686AD4002F1764 /* AnimationView.swift in Sources */ = {isa = PBXBuildFile; fileRef = 08E428D326686AD4002F1764 /* AnimationView.swift */; };
/* End PBXBuildFile section */

/* Begin PBXFileReference section */
		086258D228345A19004459E7 /* Marquee.swift */ = {isa = PBXFileReference; lastKnownFileType = sourcecode.swift; path = Marquee.swift; sourceTree = "<group>"; };
		086258D428345A8C004459E7 /* MeasureSize.swift */ = {isa = PBXFileReference; lastKnownFileType = sourcecode.swift; path = MeasureSize.swift; sourceTree = "<group>"; };
		086258D628345AC4004459E7 /* AnimationObserverModifier.swift */ = {isa = PBXFileReference; lastKnownFileType = sourcecode.swift; path = AnimationObserverModifier.swift; sourceTree = "<group>"; };
		087B669C2662E405000CA78E /* SwiftUI101.app */ = {isa = PBXFileReference; explicitFileType = wrapper.application; includeInIndex = 0; path = SwiftUI101.app; sourceTree = BUILT_PRODUCTS_DIR; };
		087B669F2662E405000CA78E /* SwiftUI101App.swift */ = {isa = PBXFileReference; lastKnownFileType = sourcecode.swift; path = SwiftUI101App.swift; sourceTree = "<group>"; };
		087B66A12662E405000CA78E /* ContentViewCoreData.swift */ = {isa = PBXFileReference; lastKnownFileType = sourcecode.swift; path = ContentViewCoreData.swift; sourceTree = "<group>"; };
		087B66A32662E406000CA78E /* Assets.xcassets */ = {isa = PBXFileReference; lastKnownFileType = folder.assetcatalog; path = Assets.xcassets; sourceTree = "<group>"; };
		087B66A62662E406000CA78E /* Preview Assets.xcassets */ = {isa = PBXFileReference; lastKnownFileType = folder.assetcatalog; path = "Preview Assets.xcassets"; sourceTree = "<group>"; };
		087B66A82662E406000CA78E /* Persistence.swift */ = {isa = PBXFileReference; lastKnownFileType = sourcecode.swift; path = Persistence.swift; sourceTree = "<group>"; };
		087B66AB2662E406000CA78E /* SwiftUI101.xcdatamodel */ = {isa = PBXFileReference; lastKnownFileType = wrapper.xcdatamodel; path = SwiftUI101.xcdatamodel; sourceTree = "<group>"; };
		087B66AD2662E406000CA78E /* Info.plist */ = {isa = PBXFileReference; lastKnownFileType = text.plist.xml; path = Info.plist; sourceTree = "<group>"; };
		087B66B42662E55E000CA78E /* MainView.swift */ = {isa = PBXFileReference; lastKnownFileType = sourcecode.swift; path = MainView.swift; sourceTree = "<group>"; };
		08E428C726685455002F1764 /* MainViewModel.swift */ = {isa = PBXFileReference; lastKnownFileType = sourcecode.swift; path = MainViewModel.swift; sourceTree = "<group>"; };
		08E428C92668569B002F1764 /* CharacterMemory.swift */ = {isa = PBXFileReference; lastKnownFileType = sourcecode.swift; path = CharacterMemory.swift; sourceTree = "<group>"; };
		08E428CB266858F2002F1764 /* CharacterDummy.swift */ = {isa = PBXFileReference; lastKnownFileType = sourcecode.swift; path = CharacterDummy.swift; sourceTree = "<group>"; };
		08E428CD26685E67002F1764 /* Character.json */ = {isa = PBXFileReference; lastKnownFileType = text.json; path = Character.json; sourceTree = "<group>"; };
		08E428CF266863A1002F1764 /* MyCustomShape.swift */ = {isa = PBXFileReference; lastKnownFileType = sourcecode.swift; path = MyCustomShape.swift; sourceTree = "<group>"; };
		08E428D326686AD4002F1764 /* AnimationView.swift */ = {isa = PBXFileReference; lastKnownFileType = sourcecode.swift; path = AnimationView.swift; sourceTree = "<group>"; };
/* End PBXFileReference section */

/* Begin PBXFrameworksBuildPhase section */
		087B66992662E405000CA78E /* Frameworks */ = {
			isa = PBXFrameworksBuildPhase;
			buildActionMask = 2147483647;
			files = (
				08E428C6266853E2002F1764 /* RickAndMortyAPI in Frameworks */,
			);
			runOnlyForDeploymentPostprocessing = 0;
		};
/* End PBXFrameworksBuildPhase section */

/* Begin PBXGroup section */
		086258D128345A0F004459E7 /* Fancy */ = {
			isa = PBXGroup;
			children = (
				086258D228345A19004459E7 /* Marquee.swift */,
				086258D428345A8C004459E7 /* MeasureSize.swift */,
				086258D628345AC4004459E7 /* AnimationObserverModifier.swift */,
			);
			path = Fancy;
			sourceTree = "<group>";
		};
		087B66932662E405000CA78E = {
			isa = PBXGroup;
			children = (
				087B669E2662E405000CA78E /* SwiftUI101 */,
				087B669D2662E405000CA78E /* Products */,
			);
			sourceTree = "<group>";
		};
		087B669D2662E405000CA78E /* Products */ = {
			isa = PBXGroup;
			children = (
				087B669C2662E405000CA78E /* SwiftUI101.app */,
			);
			name = Products;
			sourceTree = "<group>";
		};
		087B669E2662E405000CA78E /* SwiftUI101 */ = {
			isa = PBXGroup;
			children = (
				086258D128345A0F004459E7 /* Fancy */,
				087B669F2662E405000CA78E /* SwiftUI101App.swift */,
				087B66B42662E55E000CA78E /* MainView.swift */,
				08E428C726685455002F1764 /* MainViewModel.swift */,
				08E428D2266864E1002F1764 /* Examples */,
				08E428D1266864D1002F1764 /* Data */,
				087B66A32662E406000CA78E /* Assets.xcassets */,
				087B66AD2662E406000CA78E /* Info.plist */,
				087B66B32662E531000CA78E /* CoreData */,
				087B66A52662E406000CA78E /* Preview Content */,
			);
			path = SwiftUI101;
			sourceTree = "<group>";
		};
		087B66A52662E406000CA78E /* Preview Content */ = {
			isa = PBXGroup;
			children = (
				087B66A62662E406000CA78E /* Preview Assets.xcassets */,
			);
			path = "Preview Content";
			sourceTree = "<group>";
		};
		087B66B32662E531000CA78E /* CoreData */ = {
			isa = PBXGroup;
			children = (
				087B66A82662E406000CA78E /* Persistence.swift */,
				087B66AA2662E406000CA78E /* SwiftUI101.xcdatamodeld */,
				087B66A12662E405000CA78E /* ContentViewCoreData.swift */,
			);
			path = CoreData;
			sourceTree = "<group>";
		};
		08E428D1266864D1002F1764 /* Data */ = {
			isa = PBXGroup;
			children = (
				08E428C92668569B002F1764 /* CharacterMemory.swift */,
				08E428CB266858F2002F1764 /* CharacterDummy.swift */,
				08E428CD26685E67002F1764 /* Character.json */,
			);
			path = Data;
			sourceTree = "<group>";
		};
		08E428D2266864E1002F1764 /* Examples */ = {
			isa = PBXGroup;
			children = (
				08E428CF266863A1002F1764 /* MyCustomShape.swift */,
				08E428D326686AD4002F1764 /* AnimationView.swift */,
			);
			path = Examples;
			sourceTree = "<group>";
		};
/* End PBXGroup section */

/* Begin PBXNativeTarget section */
		087B669B2662E405000CA78E /* SwiftUI101 */ = {
			isa = PBXNativeTarget;
			buildConfigurationList = 087B66B02662E406000CA78E /* Build configuration list for PBXNativeTarget "SwiftUI101" */;
			buildPhases = (
				087B66982662E405000CA78E /* Sources */,
				087B66992662E405000CA78E /* Frameworks */,
				087B669A2662E405000CA78E /* Resources */,
			);
			buildRules = (
			);
			dependencies = (
			);
			name = SwiftUI101;
			packageProductDependencies = (
				08E428C5266853E2002F1764 /* RickAndMortyAPI */,
			);
			productName = SwiftUI101;
			productReference = 087B669C2662E405000CA78E /* SwiftUI101.app */;
			productType = "com.apple.product-type.application";
		};
/* End PBXNativeTarget section */

/* Begin PBXProject section */
		087B66942662E405000CA78E /* Project object */ = {
			isa = PBXProject;
			attributes = {
				LastSwiftUpdateCheck = 1250;
				LastUpgradeCheck = 1250;
				TargetAttributes = {
					087B669B2662E405000CA78E = {
						CreatedOnToolsVersion = 12.5;
					};
				};
			};
			buildConfigurationList = 087B66972662E405000CA78E /* Build configuration list for PBXProject "SwiftUI101" */;
			compatibilityVersion = "Xcode 9.3";
			developmentRegion = en;
			hasScannedForEncodings = 0;
			knownRegions = (
				en,
				Base,
			);
			mainGroup = 087B66932662E405000CA78E;
			packageReferences = (
				08E428C4266853E2002F1764 /* XCRemoteSwiftPackageReference "RickAndMortyAPI" */,
			);
			productRefGroup = 087B669D2662E405000CA78E /* Products */;
			projectDirPath = "";
			projectRoot = "";
			targets = (
				087B669B2662E405000CA78E /* SwiftUI101 */,
			);
		};
/* End PBXProject section */

/* Begin PBXResourcesBuildPhase section */
		087B669A2662E405000CA78E /* Resources */ = {
			isa = PBXResourcesBuildPhase;
			buildActionMask = 2147483647;
			files = (
				08E428CE26685E67002F1764 /* Character.json in Resources */,
				087B66A72662E406000CA78E /* Preview Assets.xcassets in Resources */,
				087B66A42662E406000CA78E /* Assets.xcassets in Resources */,
			);
			runOnlyForDeploymentPostprocessing = 0;
		};
/* End PBXResourcesBuildPhase section */

/* Begin PBXSourcesBuildPhase section */
		087B66982662E405000CA78E /* Sources */ = {
			isa = PBXSourcesBuildPhase;
			buildActionMask = 2147483647;
			files = (
				08E428CC266858F2002F1764 /* CharacterDummy.swift in Sources */,
				086258D328345A19004459E7 /* Marquee.swift in Sources */,
				08E428D426686AD4002F1764 /* AnimationView.swift in Sources */,
				086258D728345AC4004459E7 /* AnimationObserverModifier.swift in Sources */,
				087B66AC2662E406000CA78E /* SwiftUI101.xcdatamodeld in Sources */,
				087B66B52662E55E000CA78E /* MainView.swift in Sources */,
				086258D528345A8C004459E7 /* MeasureSize.swift in Sources */,
				087B66A92662E406000CA78E /* Persistence.swift in Sources */,
				08E428D0266863A1002F1764 /* MyCustomShape.swift in Sources */,
				087B66A22662E405000CA78E /* ContentViewCoreData.swift in Sources */,
				08E428CA2668569B002F1764 /* CharacterMemory.swift in Sources */,
				087B66A02662E405000CA78E /* SwiftUI101App.swift in Sources */,
				08E428C826685455002F1764 /* MainViewModel.swift in Sources */,
			);
			runOnlyForDeploymentPostprocessing = 0;
		};
/* End PBXSourcesBuildPhase section */

/* Begin XCBuildConfiguration section */
		087B66AE2662E406000CA78E /* Debug */ = {
			isa = XCBuildConfiguration;
			buildSettings = {
				ALWAYS_SEARCH_USER_PATHS = NO;
				CLANG_ANALYZER_NONNULL = YES;
				CLANG_ANALYZER_NUMBER_OBJECT_CONVERSION = YES_AGGRESSIVE;
				CLANG_CXX_LANGUAGE_STANDARD = "gnu++14";
				CLANG_CXX_LIBRARY = "libc++";
				CLANG_ENABLE_MODULES = YES;
				CLANG_ENABLE_OBJC_ARC = YES;
				CLANG_ENABLE_OBJC_WEAK = YES;
				CLANG_WARN_BLOCK_CAPTURE_AUTORELEASING = YES;
				CLANG_WARN_BOOL_CONVERSION = YES;
				CLANG_WARN_COMMA = YES;
				CLANG_WARN_CONSTANT_CONVERSION = YES;
				CLANG_WARN_DEPRECATED_OBJC_IMPLEMENTATIONS = YES;
				CLANG_WARN_DIRECT_OBJC_ISA_USAGE = YES_ERROR;
				CLANG_WARN_DOCUMENTATION_COMMENTS = YES;
				CLANG_WARN_EMPTY_BODY = YES;
				CLANG_WARN_ENUM_CONVERSION = YES;
				CLANG_WARN_INFINITE_RECURSION = YES;
				CLANG_WARN_INT_CONVERSION = YES;
				CLANG_WARN_NON_LITERAL_NULL_CONVERSION = YES;
				CLANG_WARN_OBJC_IMPLICIT_RETAIN_SELF = YES;
				CLANG_WARN_OBJC_LITERAL_CONVERSION = YES;
				CLANG_WARN_OBJC_ROOT_CLASS = YES_ERROR;
				CLANG_WARN_QUOTED_INCLUDE_IN_FRAMEWORK_HEADER = YES;
				CLANG_WARN_RANGE_LOOP_ANALYSIS = YES;
				CLANG_WARN_STRICT_PROTOTYPES = YES;
				CLANG_WARN_SUSPICIOUS_MOVE = YES;
				CLANG_WARN_UNGUARDED_AVAILABILITY = YES_AGGRESSIVE;
				CLANG_WARN_UNREACHABLE_CODE = YES;
				CLANG_WARN__DUPLICATE_METHOD_MATCH = YES;
				COPY_PHASE_STRIP = NO;
				DEBUG_INFORMATION_FORMAT = dwarf;
				ENABLE_STRICT_OBJC_MSGSEND = YES;
				ENABLE_TESTABILITY = YES;
				GCC_C_LANGUAGE_STANDARD = gnu11;
				GCC_DYNAMIC_NO_PIC = NO;
				GCC_NO_COMMON_BLOCKS = YES;
				GCC_OPTIMIZATION_LEVEL = 0;
				GCC_PREPROCESSOR_DEFINITIONS = (
					"DEBUG=1",
					"$(inherited)",
				);
				GCC_WARN_64_TO_32_BIT_CONVERSION = YES;
				GCC_WARN_ABOUT_RETURN_TYPE = YES_ERROR;
				GCC_WARN_UNDECLARED_SELECTOR = YES;
				GCC_WARN_UNINITIALIZED_AUTOS = YES_AGGRESSIVE;
				GCC_WARN_UNUSED_FUNCTION = YES;
				GCC_WARN_UNUSED_VARIABLE = YES;
				IPHONEOS_DEPLOYMENT_TARGET = 14.5;
				MTL_ENABLE_DEBUG_INFO = INCLUDE_SOURCE;
				MTL_FAST_MATH = YES;
				ONLY_ACTIVE_ARCH = YES;
				SDKROOT = iphoneos;
				SWIFT_ACTIVE_COMPILATION_CONDITIONS = DEBUG;
				SWIFT_OPTIMIZATION_LEVEL = "-Onone";
			};
			name = Debug;
		};
		087B66AF2662E406000CA78E /* Release */ = {
			isa = XCBuildConfiguration;
			buildSettings = {
				ALWAYS_SEARCH_USER_PATHS = NO;
				CLANG_ANALYZER_NONNULL = YES;
				CLANG_ANALYZER_NUMBER_OBJECT_CONVERSION = YES_AGGRESSIVE;
				CLANG_CXX_LANGUAGE_STANDARD = "gnu++14";
				CLANG_CXX_LIBRARY = "libc++";
				CLANG_ENABLE_MODULES = YES;
				CLANG_ENABLE_OBJC_ARC = YES;
				CLANG_ENABLE_OBJC_WEAK = YES;
				CLANG_WARN_BLOCK_CAPTURE_AUTORELEASING = YES;
				CLANG_WARN_BOOL_CONVERSION = YES;
				CLANG_WARN_COMMA = YES;
				CLANG_WARN_CONSTANT_CONVERSION = YES;
				CLANG_WARN_DEPRECATED_OBJC_IMPLEMENTATIONS = YES;
				CLANG_WARN_DIRECT_OBJC_ISA_USAGE = YES_ERROR;
				CLANG_WARN_DOCUMENTATION_COMMENTS = YES;
				CLANG_WARN_EMPTY_BODY = YES;
				CLANG_WARN_ENUM_CONVERSION = YES;
				CLANG_WARN_INFINITE_RECURSION = YES;
				CLANG_WARN_INT_CONVERSION = YES;
				CLANG_WARN_NON_LITERAL_NULL_CONVERSION = YES;
				CLANG_WARN_OBJC_IMPLICIT_RETAIN_SELF = YES;
				CLANG_WARN_OBJC_LITERAL_CONVERSION = YES;
				CLANG_WARN_OBJC_ROOT_CLASS = YES_ERROR;
				CLANG_WARN_QUOTED_INCLUDE_IN_FRAMEWORK_HEADER = YES;
				CLANG_WARN_RANGE_LOOP_ANALYSIS = YES;
				CLANG_WARN_STRICT_PROTOTYPES = YES;
				CLANG_WARN_SUSPICIOUS_MOVE = YES;
				CLANG_WARN_UNGUARDED_AVAILABILITY = YES_AGGRESSIVE;
				CLANG_WARN_UNREACHABLE_CODE = YES;
				CLANG_WARN__DUPLICATE_METHOD_MATCH = YES;
				COPY_PHASE_STRIP = NO;
				DEBUG_INFORMATION_FORMAT = "dwarf-with-dsym";
				ENABLE_NS_ASSERTIONS = NO;
				ENABLE_STRICT_OBJC_MSGSEND = YES;
				GCC_C_LANGUAGE_STANDARD = gnu11;
				GCC_NO_COMMON_BLOCKS = YES;
				GCC_WARN_64_TO_32_BIT_CONVERSION = YES;
				GCC_WARN_ABOUT_RETURN_TYPE = YES_ERROR;
				GCC_WARN_UNDECLARED_SELECTOR = YES;
				GCC_WARN_UNINITIALIZED_AUTOS = YES_AGGRESSIVE;
				GCC_WARN_UNUSED_FUNCTION = YES;
				GCC_WARN_UNUSED_VARIABLE = YES;
				IPHONEOS_DEPLOYMENT_TARGET = 14.5;
				MTL_ENABLE_DEBUG_INFO = NO;
				MTL_FAST_MATH = YES;
				SDKROOT = iphoneos;
				SWIFT_COMPILATION_MODE = wholemodule;
				SWIFT_OPTIMIZATION_LEVEL = "-O";
				VALIDATE_PRODUCT = YES;
			};
			name = Release;
		};
		087B66B12662E406000CA78E /* Debug */ = {
			isa = XCBuildConfiguration;
			buildSettings = {
				ASSETCATALOG_COMPILER_APPICON_NAME = AppIcon;
				ASSETCATALOG_COMPILER_GLOBAL_ACCENT_COLOR_NAME = AccentColor;
				CODE_SIGN_STYLE = Automatic;
				DEVELOPMENT_ASSET_PATHS = "\"SwiftUI101/Preview Content\"";
				DEVELOPMENT_TEAM = CPX7FN2K89;
				ENABLE_PREVIEWS = YES;
				INFOPLIST_FILE = SwiftUI101/Info.plist;
				IPHONEOS_DEPLOYMENT_TARGET = 15.0;
				LD_RUNPATH_SEARCH_PATHS = (
					"$(inherited)",
					"@executable_path/Frameworks",
				);
				PRODUCT_BUNDLE_IDENTIFIER = dev.erikflores.SwiftUI101;
				PRODUCT_NAME = "$(TARGET_NAME)";
				SWIFT_VERSION = 5.0;
				TARGETED_DEVICE_FAMILY = "1,2";
			};
			name = Debug;
		};
		087B66B22662E406000CA78E /* Release */ = {
			isa = XCBuildConfiguration;
			buildSettings = {
				ASSETCATALOG_COMPILER_APPICON_NAME = AppIcon;
				ASSETCATALOG_COMPILER_GLOBAL_ACCENT_COLOR_NAME = AccentColor;
				CODE_SIGN_STYLE = Automatic;
				DEVELOPMENT_ASSET_PATHS = "\"SwiftUI101/Preview Content\"";
				DEVELOPMENT_TEAM = CPX7FN2K89;
				ENABLE_PREVIEWS = YES;
				INFOPLIST_FILE = SwiftUI101/Info.plist;
				IPHONEOS_DEPLOYMENT_TARGET = 15.0;
				LD_RUNPATH_SEARCH_PATHS = (
					"$(inherited)",
					"@executable_path/Frameworks",
				);
				PRODUCT_BUNDLE_IDENTIFIER = dev.erikflores.SwiftUI101;
				PRODUCT_NAME = "$(TARGET_NAME)";
				SWIFT_VERSION = 5.0;
				TARGETED_DEVICE_FAMILY = "1,2";
			};
			name = Release;
		};
/* End XCBuildConfiguration section */

/* Begin XCConfigurationList section */
		087B66972662E405000CA78E /* Build configuration list for PBXProject "SwiftUI101" */ = {
			isa = XCConfigurationList;
			buildConfigurations = (
				087B66AE2662E406000CA78E /* Debug */,
				087B66AF2662E406000CA78E /* Release */,
			);
			defaultConfigurationIsVisible = 0;
			defaultConfigurationName = Release;
		};
		087B66B02662E406000CA78E /* Build configuration list for PBXNativeTarget "SwiftUI101" */ = {
			isa = XCConfigurationList;
			buildConfigurations = (
				087B66B12662E406000CA78E /* Debug */,
				087B66B22662E406000CA78E /* Release */,
			);
			defaultConfigurationIsVisible = 0;
			defaultConfigurationName = Release;
		};
/* End XCConfigurationList section */

/* Begin XCRemoteSwiftPackageReference section */
		08E428C4266853E2002F1764 /* XCRemoteSwiftPackageReference "RickAndMortyAPI" */ = {
			isa = XCRemoteSwiftPackageReference;
			repositoryURL = "https://github.com/erikfloresq/RickAndMortyAPI.git";
			requirement = {
				kind = upToNextMajorVersion;
				minimumVersion = 0.0.3;
			};
		};
/* End XCRemoteSwiftPackageReference section */

/* Begin XCSwiftPackageProductDependency section */
		08E428C5266853E2002F1764 /* RickAndMortyAPI */ = {
			isa = XCSwiftPackageProductDependency;
			package = 08E428C4266853E2002F1764 /* XCRemoteSwiftPackageReference "RickAndMortyAPI" */;
			productName = RickAndMortyAPI;
		};
/* End XCSwiftPackageProductDependency section */

/* Begin XCVersionGroup section */
		087B66AA2662E406000CA78E /* SwiftUI101.xcdatamodeld */ = {
			isa = XCVersionGroup;
			children = (
				087B66AB2662E406000CA78E /* SwiftUI101.xcdatamodel */,
			);
			currentVersion = 087B66AB2662E406000CA78E /* SwiftUI101.xcdatamodel */;
			path = SwiftUI101.xcdatamodeld;
			sourceTree = "<group>";
			versionGroupType = wrapper.xcdatamodel;
		};
/* End XCVersionGroup section */
	};
	rootObject = 087B66942662E405000CA78E /* Project object */;
}
